
Microsoft Visual Studio Solution File, Format Version 12.00
# Visual Studio 14
VisualStudioVersion = 14.0.23107.0
MinimumVisualStudioVersion = 10.0.40219.1
Project("{FAE04EC0-301F-11D3-BF4B-00C04F79EFBC}") = "VideoLesson_1", "VideoLesson_1\VideoLesson_1.csproj", "{682B0F26-B4DD-4F5D-A9A3-ABA41F11A20B}"
EndProject
Project("{FAE04EC0-301F-11D3-BF4B-00C04F79EFBC}") = "VideoLesson_2", "VideoLesson_2\VideoLesson_2.csproj", "{9A34357B-4F79-4652-8F07-A19E745502FF}"
EndProject
Global
	GlobalSection(SolutionConfigurationPlatforms) = preSolution
		Debug|Any CPU = Debug|Any CPU
		Release|Any CPU = Release|Any CPU
	EndGlobalSection
	GlobalSection(ProjectConfigurationPlatforms) = postSolution
		{682B0F26-B4DD-4F5D-A9A3-ABA41F11A20B}.Debug|Any CPU.ActiveCfg = Debug|Any CPU
		{682B0F26-B4DD-4F5D-A9A3-ABA41F11A20B}.Debug|Any CPU.Build.0 = Debug|Any CPU
		{682B0F26-B4DD-4F5D-A9A3-ABA41F11A20B}.Release|Any CPU.ActiveCfg = Release|Any CPU
		{682B0F26-B4DD-4F5D-A9A3-ABA41F11A20B}.Release|Any CPU.Build.0 = Release|Any CPU
		{9A34357B-4F79-4652-8F07-A19E745502FF}.Debug|Any CPU.ActiveCfg = Debug|Any CPU
		{9A34357B-4F79-4652-8F07-A19E745502FF}.Debug|Any CPU.Build.0 = Debug|Any CPU
		{9A34357B-4F79-4652-8F07-A19E745502FF}.Release|Any CPU.ActiveCfg = Release|Any CPU
		{9A34357B-4F79-4652-8F07-A19E745502FF}.Release|Any CPU.Build.0 = Release|Any CPU
	EndGlobalSection
	GlobalSection(SolutionProperties) = preSolution
		HideSolutionNode = FALSE
	EndGlobalSection
EndGlobal
