
Microsoft Visual Studio Solution File, Format Version 12.00
# Visual Studio 14
VisualStudioVersion = 14.0.23107.0
MinimumVisualStudioVersion = 10.0.40219.1
Project("{FAE04EC0-301F-11D3-BF4B-00C04F79EFBC}") = "VideoLesson_1", "VideoLesson_1\VideoLesson_1.csproj", "{682B0F26-B4DD-4F5D-A9A3-ABA41F11A20B}"
EndProject
Project("{FAE04EC0-301F-11D3-BF4B-00C04F79EFBC}") = "VideoLesson_2", "VideoLesson_2\VideoLesson_2.csproj", "{9A34357B-4F79-4652-8F07-A19E745502FF}"
EndProject
Project("{FAE04EC0-301F-11D3-BF4B-00C04F79EFBC}") = "VideoLesson_3", "VideoLesson_3\VideoLesson_3.csproj", "{3B06848F-9DB2-442F-B27F-A9C3D72BC3CF}"
EndProject
Project("{FAE04EC0-301F-11D3-BF4B-00C04F79EFBC}") = "VideoLesson_4", "VideoLesson_4\VideoLesson_4.csproj", "{17DDDA06-B543-4500-ADCD-11828D891C72}"
EndProject
Project("{FAE04EC0-301F-11D3-BF4B-00C04F79EFBC}") = "VideoLesson_5", "VideoLesson_5\VideoLesson_5.csproj", "{01C01544-5840-4125-9C82-BD8846A23493}"
EndProject
Project("{FAE04EC0-301F-11D3-BF4B-00C04F79EFBC}") = "VideoLesson_6", "VideoLesson_6\VideoLesson_6.csproj", "{E0ACF176-590C-47B8-9756-AC5070F0B41C}"
EndProject
Project("{2150E333-8FDC-42A3-9474-1A3956D46DE8}") = "VideoLesson_7", "VideoLesson_7", "{ED8161A2-CE2E-43ED-8DE4-D13DFF22313B}"
EndProject
Project("{FAE04EC0-301F-11D3-BF4B-00C04F79EFBC}") = "TextEditor", "VideoLesson_7\TextEditor\TextEditor.csproj", "{A5FD56B0-C88D-4AA5-8D65-0616E4D4C437}"
EndProject
Project("{FAE04EC0-301F-11D3-BF4B-00C04F79EFBC}") = "TextEditor.BL", "VideoLesson_7\TextEditor.BL\TextEditor.BL.csproj", "{6B80050C-75D9-481A-8E06-29D1633574D8}"
EndProject
Project("{FAE04EC0-301F-11D3-BF4B-00C04F79EFBC}") = "VideoLesson_8", "VideoLesson_8\VideoLesson_8.csproj", "{35F12D72-8BE4-424B-8A1D-AF47970AC496}"
EndProject
Project("{FAE04EC0-301F-11D3-BF4B-00C04F79EFBC}") = "VideoLessons_9", "VideoLessons_9\VideoLessons_9.csproj", "{9A8C37F4-014D-4159-AED6-37833646002A}"
EndProject
Global
	GlobalSection(SolutionConfigurationPlatforms) = preSolution
		Debug|Any CPU = Debug|Any CPU
		Release|Any CPU = Release|Any CPU
	EndGlobalSection
	GlobalSection(ProjectConfigurationPlatforms) = postSolution
		{682B0F26-B4DD-4F5D-A9A3-ABA41F11A20B}.Debug|Any CPU.ActiveCfg = Debug|Any CPU
		{682B0F26-B4DD-4F5D-A9A3-ABA41F11A20B}.Debug|Any CPU.Build.0 = Debug|Any CPU
		{682B0F26-B4DD-4F5D-A9A3-ABA41F11A20B}.Release|Any CPU.ActiveCfg = Release|Any CPU
		{682B0F26-B4DD-4F5D-A9A3-ABA41F11A20B}.Release|Any CPU.Build.0 = Release|Any CPU
		{9A34357B-4F79-4652-8F07-A19E745502FF}.Debug|Any CPU.ActiveCfg = Debug|Any CPU
		{9A34357B-4F79-4652-8F07-A19E745502FF}.Debug|Any CPU.Build.0 = Debug|Any CPU
		{9A34357B-4F79-4652-8F07-A19E745502FF}.Release|Any CPU.ActiveCfg = Release|Any CPU
		{9A34357B-4F79-4652-8F07-A19E745502FF}.Release|Any CPU.Build.0 = Release|Any CPU
		{3B06848F-9DB2-442F-B27F-A9C3D72BC3CF}.Debug|Any CPU.ActiveCfg = Debug|Any CPU
		{3B06848F-9DB2-442F-B27F-A9C3D72BC3CF}.Debug|Any CPU.Build.0 = Debug|Any CPU
		{3B06848F-9DB2-442F-B27F-A9C3D72BC3CF}.Release|Any CPU.ActiveCfg = Release|Any CPU
		{3B06848F-9DB2-442F-B27F-A9C3D72BC3CF}.Release|Any CPU.Build.0 = Release|Any CPU
		{17DDDA06-B543-4500-ADCD-11828D891C72}.Debug|Any CPU.ActiveCfg = Debug|Any CPU
		{17DDDA06-B543-4500-ADCD-11828D891C72}.Debug|Any CPU.Build.0 = Debug|Any CPU
		{17DDDA06-B543-4500-ADCD-11828D891C72}.Release|Any CPU.ActiveCfg = Release|Any CPU
		{17DDDA06-B543-4500-ADCD-11828D891C72}.Release|Any CPU.Build.0 = Release|Any CPU
		{01C01544-5840-4125-9C82-BD8846A23493}.Debug|Any CPU.ActiveCfg = Debug|Any CPU
		{01C01544-5840-4125-9C82-BD8846A23493}.Debug|Any CPU.Build.0 = Debug|Any CPU
		{01C01544-5840-4125-9C82-BD8846A23493}.Release|Any CPU.ActiveCfg = Release|Any CPU
		{01C01544-5840-4125-9C82-BD8846A23493}.Release|Any CPU.Build.0 = Release|Any CPU
		{E0ACF176-590C-47B8-9756-AC5070F0B41C}.Debug|Any CPU.ActiveCfg = Debug|Any CPU
		{E0ACF176-590C-47B8-9756-AC5070F0B41C}.Debug|Any CPU.Build.0 = Debug|Any CPU
		{E0ACF176-590C-47B8-9756-AC5070F0B41C}.Release|Any CPU.ActiveCfg = Release|Any CPU
		{E0ACF176-590C-47B8-9756-AC5070F0B41C}.Release|Any CPU.Build.0 = Release|Any CPU
		{A5FD56B0-C88D-4AA5-8D65-0616E4D4C437}.Debug|Any CPU.ActiveCfg = Debug|Any CPU
		{A5FD56B0-C88D-4AA5-8D65-0616E4D4C437}.Debug|Any CPU.Build.0 = Debug|Any CPU
		{A5FD56B0-C88D-4AA5-8D65-0616E4D4C437}.Release|Any CPU.ActiveCfg = Release|Any CPU
		{A5FD56B0-C88D-4AA5-8D65-0616E4D4C437}.Release|Any CPU.Build.0 = Release|Any CPU
		{6B80050C-75D9-481A-8E06-29D1633574D8}.Debug|Any CPU.ActiveCfg = Debug|Any CPU
		{6B80050C-75D9-481A-8E06-29D1633574D8}.Debug|Any CPU.Build.0 = Debug|Any CPU
		{6B80050C-75D9-481A-8E06-29D1633574D8}.Release|Any CPU.ActiveCfg = Release|Any CPU
		{6B80050C-75D9-481A-8E06-29D1633574D8}.Release|Any CPU.Build.0 = Release|Any CPU
		{35F12D72-8BE4-424B-8A1D-AF47970AC496}.Debug|Any CPU.ActiveCfg = Debug|Any CPU
		{35F12D72-8BE4-424B-8A1D-AF47970AC496}.Debug|Any CPU.Build.0 = Debug|Any CPU
		{35F12D72-8BE4-424B-8A1D-AF47970AC496}.Release|Any CPU.ActiveCfg = Release|Any CPU
		{35F12D72-8BE4-424B-8A1D-AF47970AC496}.Release|Any CPU.Build.0 = Release|Any CPU
		{9A8C37F4-014D-4159-AED6-37833646002A}.Debug|Any CPU.ActiveCfg = Debug|Any CPU
		{9A8C37F4-014D-4159-AED6-37833646002A}.Debug|Any CPU.Build.0 = Debug|Any CPU
		{9A8C37F4-014D-4159-AED6-37833646002A}.Release|Any CPU.ActiveCfg = Release|Any CPU
		{9A8C37F4-014D-4159-AED6-37833646002A}.Release|Any CPU.Build.0 = Release|Any CPU
	EndGlobalSection
	GlobalSection(SolutionProperties) = preSolution
		HideSolutionNode = FALSE
	EndGlobalSection
	GlobalSection(NestedProjects) = preSolution
		{A5FD56B0-C88D-4AA5-8D65-0616E4D4C437} = {ED8161A2-CE2E-43ED-8DE4-D13DFF22313B}
		{6B80050C-75D9-481A-8E06-29D1633574D8} = {ED8161A2-CE2E-43ED-8DE4-D13DFF22313B}
	EndGlobalSection
EndGlobal
